
Microsoft Visual Studio Solution File, Format Version 12.00
# Visual Studio Version 16
VisualStudioVersion = 16.0.29509.3
MinimumVisualStudioVersion = 10.0.40219.1
Project("{FAE04EC0-301F-11D3-BF4B-00C04F79EFBC}") = "TestAKVWithBot", "TestAKVWithBot\TestAKVWithBot.csproj", "{DB87D9C7-F3BF-4F8D-AF61-FB0E5ADBEEB4}"
EndProject
Global
	GlobalSection(SolutionConfigurationPlatforms) = preSolution
		Debug|Any CPU = Debug|Any CPU
		Release|Any CPU = Release|Any CPU
	EndGlobalSection
	GlobalSection(ProjectConfigurationPlatforms) = postSolution
		{DB87D9C7-F3BF-4F8D-AF61-FB0E5ADBEEB4}.Debug|Any CPU.ActiveCfg = Debug|Any CPU
		{DB87D9C7-F3BF-4F8D-AF61-FB0E5ADBEEB4}.Debug|Any CPU.Build.0 = Debug|Any CPU
		{DB87D9C7-F3BF-4F8D-AF61-FB0E5ADBEEB4}.Release|Any CPU.ActiveCfg = Release|Any CPU
		{DB87D9C7-F3BF-4F8D-AF61-FB0E5ADBEEB4}.Release|Any CPU.Build.0 = Release|Any CPU
	EndGlobalSection
	GlobalSection(SolutionProperties) = preSolution
		HideSolutionNode = FALSE
	EndGlobalSection
	GlobalSection(ExtensibilityGlobals) = postSolution
		SolutionGuid = {B47FEE90-9BD6-4337-9183-D37FC19F5606}
	EndGlobalSection
EndGlobal
